// !$*UTF8*$!
{
	archiveVersion = 1;
	classes = {
	};
	objectVersion = 46;
	objects = {

/* Begin PBXBuildFile section */
		CEB95D16191075D9003E9E41 /* Foundation.framework in Frameworks */ = {isa = PBXBuildFile; fileRef = CEB95D15191075D9003E9E41 /* Foundation.framework */; };
		CEB95D18191075D9003E9E41 /* CoreGraphics.framework in Frameworks */ = {isa = PBXBuildFile; fileRef = CEB95D17191075D9003E9E41 /* CoreGraphics.framework */; };
		CEB95D1A191075D9003E9E41 /* UIKit.framework in Frameworks */ = {isa = PBXBuildFile; fileRef = CEB95D19191075D9003E9E41 /* UIKit.framework */; };
		CEB95D20191075D9003E9E41 /* InfoPlist.strings in Resources */ = {isa = PBXBuildFile; fileRef = CEB95D1E191075D9003E9E41 /* InfoPlist.strings */; };
		CEB95D22191075D9003E9E41 /* main.m in Sources */ = {isa = PBXBuildFile; fileRef = CEB95D21191075D9003E9E41 /* main.m */; };
		CEB95D26191075D9003E9E41 /* CCAppDelegate.m in Sources */ = {isa = PBXBuildFile; fileRef = CEB95D25191075D9003E9E41 /* CCAppDelegate.m */; };
		CEB95D29191075D9003E9E41 /* Main.storyboard in Resources */ = {isa = PBXBuildFile; fileRef = CEB95D27191075D9003E9E41 /* Main.storyboard */; };
		CEB95D2C191075D9003E9E41 /* CCViewController.m in Sources */ = {isa = PBXBuildFile; fileRef = CEB95D2B191075D9003E9E41 /* CCViewController.m */; };
		CEB95D2E191075D9003E9E41 /* Images.xcassets in Resources */ = {isa = PBXBuildFile; fileRef = CEB95D2D191075D9003E9E41 /* Images.xcassets */; };
		CEB95D35191075D9003E9E41 /* XCTest.framework in Frameworks */ = {isa = PBXBuildFile; fileRef = CEB95D34191075D9003E9E41 /* XCTest.framework */; };
		CEB95D36191075D9003E9E41 /* Foundation.framework in Frameworks */ = {isa = PBXBuildFile; fileRef = CEB95D15191075D9003E9E41 /* Foundation.framework */; };
		CEB95D37191075D9003E9E41 /* UIKit.framework in Frameworks */ = {isa = PBXBuildFile; fileRef = CEB95D19191075D9003E9E41 /* UIKit.framework */; };
		CEB95D3F191075D9003E9E41 /* InfoPlist.strings in Resources */ = {isa = PBXBuildFile; fileRef = CEB95D3D191075D9003E9E41 /* InfoPlist.strings */; };
		CEB95D41191075D9003E9E41 /* Git_TestTests.m in Sources */ = {isa = PBXBuildFile; fileRef = CEB95D40191075D9003E9E41 /* Git_TestTests.m */; };
/* End PBXBuildFile section */

/* Begin PBXContainerItemProxy section */
		CEB95D38191075D9003E9E41 /* PBXContainerItemProxy */ = {
			isa = PBXContainerItemProxy;
			containerPortal = CEB95D0A191075D8003E9E41 /* Project object */;
			proxyType = 1;
			remoteGlobalIDString = CEB95D11191075D8003E9E41;
			remoteInfo = "Git Test";
		};
/* End PBXContainerItemProxy section */

/* Begin PBXFileReference section */
		CEB95D12191075D9003E9E41 /* Git Test.app */ = {isa = PBXFileReference; explicitFileType = wrapper.application; includeInIndex = 0; path = "Git Test.app"; sourceTree = BUILT_PRODUCTS_DIR; };
		CEB95D15191075D9003E9E41 /* Foundation.framework */ = {isa = PBXFileReference; lastKnownFileType = wrapper.framework; name = Foundation.framework; path = System/Library/Frameworks/Foundation.framework; sourceTree = SDKROOT; };
		CEB95D17191075D9003E9E41 /* CoreGraphics.framework */ = {isa = PBXFileReference; lastKnownFileType = wrapper.framework; name = CoreGraphics.framework; path = System/Library/Frameworks/CoreGraphics.framework; sourceTree = SDKROOT; };
		CEB95D19191075D9003E9E41 /* UIKit.framework */ = {isa = PBXFileReference; lastKnownFileType = wrapper.framework; name = UIKit.framework; path = System/Library/Frameworks/UIKit.framework; sourceTree = SDKROOT; };
		CEB95D1D191075D9003E9E41 /* Git Test-Info.plist */ = {isa = PBXFileReference; lastKnownFileType = text.plist.xml; path = "Git Test-Info.plist"; sourceTree = "<group>"; };
		CEB95D1F191075D9003E9E41 /* en */ = {isa = PBXFileReference; lastKnownFileType = text.plist.strings; name = en; path = en.lproj/InfoPlist.strings; sourceTree = "<group>"; };
		CEB95D21191075D9003E9E41 /* main.m */ = {isa = PBXFileReference; lastKnownFileType = sourcecode.c.objc; path = main.m; sourceTree = "<group>"; };
		CEB95D23191075D9003E9E41 /* Git Test-Prefix.pch */ = {isa = PBXFileReference; lastKnownFileType = sourcecode.c.h; path = "Git Test-Prefix.pch"; sourceTree = "<group>"; };
		CEB95D24191075D9003E9E41 /* CCAppDelegate.h */ = {isa = PBXFileReference; lastKnownFileType = sourcecode.c.h; path = CCAppDelegate.h; sourceTree = "<group>"; };
		CEB95D25191075D9003E9E41 /* CCAppDelegate.m */ = {isa = PBXFileReference; lastKnownFileType = sourcecode.c.objc; path = CCAppDelegate.m; sourceTree = "<group>"; };
		CEB95D28191075D9003E9E41 /* Base */ = {isa = PBXFileReference; lastKnownFileType = file.storyboard; name = Base; path = Base.lproj/Main.storyboard; sourceTree = "<group>"; };
		CEB95D2A191075D9003E9E41 /* CCViewController.h */ = {isa = PBXFileReference; lastKnownFileType = sourcecode.c.h; path = CCViewController.h; sourceTree = "<group>"; };
		CEB95D2B191075D9003E9E41 /* CCViewController.m */ = {isa = PBXFileReference; lastKnownFileType = sourcecode.c.objc; path = CCViewController.m; sourceTree = "<group>"; };
		CEB95D2D191075D9003E9E41 /* Images.xcassets */ = {isa = PBXFileReference; lastKnownFileType = folder.assetcatalog; path = Images.xcassets; sourceTree = "<group>"; };
		CEB95D33191075D9003E9E41 /* Git TestTests.xctest */ = {isa = PBXFileReference; explicitFileType = wrapper.cfbundle; includeInIndex = 0; path = "Git TestTests.xctest"; sourceTree = BUILT_PRODUCTS_DIR; };
		CEB95D34191075D9003E9E41 /* XCTest.framework */ = {isa = PBXFileReference; lastKnownFileType = wrapper.framework; name = XCTest.framework; path = Library/Frameworks/XCTest.framework; sourceTree = DEVELOPER_DIR; };
		CEB95D3C191075D9003E9E41 /* Git TestTests-Info.plist */ = {isa = PBXFileReference; lastKnownFileType = text.plist.xml; path = "Git TestTests-Info.plist"; sourceTree = "<group>"; };
		CEB95D3E191075D9003E9E41 /* en */ = {isa = PBXFileReference; lastKnownFileType = text.plist.strings; name = en; path = en.lproj/InfoPlist.strings; sourceTree = "<group>"; };
		CEB95D40191075D9003E9E41 /* Git_TestTests.m */ = {isa = PBXFileReference; lastKnownFileType = sourcecode.c.objc; path = Git_TestTests.m; sourceTree = "<group>"; };
/* End PBXFileReference section */

/* Begin PBXFrameworksBuildPhase section */
		CEB95D0F191075D8003E9E41 /* Frameworks */ = {
			isa = PBXFrameworksBuildPhase;
			buildActionMask = 2147483647;
			files = (
				CEB95D18191075D9003E9E41 /* CoreGraphics.framework in Frameworks */,
				CEB95D1A191075D9003E9E41 /* UIKit.framework in Frameworks */,
				CEB95D16191075D9003E9E41 /* Foundation.framework in Frameworks */,
			);
			runOnlyForDeploymentPostprocessing = 0;
		};
		CEB95D30191075D9003E9E41 /* Frameworks */ = {
			isa = PBXFrameworksBuildPhase;
			buildActionMask = 2147483647;
			files = (
				CEB95D35191075D9003E9E41 /* XCTest.framework in Frameworks */,
				CEB95D37191075D9003E9E41 /* UIKit.framework in Frameworks */,
				CEB95D36191075D9003E9E41 /* Foundation.framework in Frameworks */,
			);
			runOnlyForDeploymentPostprocessing = 0;
		};
/* End PBXFrameworksBuildPhase section */

/* Begin PBXGroup section */
		CEB95D09191075D8003E9E41 = {
			isa = PBXGroup;
			children = (
				CEB95D1B191075D9003E9E41 /* Git Test */,
				CEB95D3A191075D9003E9E41 /* Git TestTests */,
				CEB95D14191075D9003E9E41 /* Frameworks */,
				CEB95D13191075D9003E9E41 /* Products */,
			);
			sourceTree = "<group>";
		};
		CEB95D13191075D9003E9E41 /* Products */ = {
			isa = PBXGroup;
			children = (
				CEB95D12191075D9003E9E41 /* Git Test.app */,
				CEB95D33191075D9003E9E41 /* Git TestTests.xctest */,
			);
			name = Products;
			sourceTree = "<group>";
		};
		CEB95D14191075D9003E9E41 /* Frameworks */ = {
			isa = PBXGroup;
			children = (
				CEB95D15191075D9003E9E41 /* Foundation.framework */,
				CEB95D17191075D9003E9E41 /* CoreGraphics.framework */,
				CEB95D19191075D9003E9E41 /* UIKit.framework */,
				CEB95D34191075D9003E9E41 /* XCTest.framework */,
			);
			name = Frameworks;
			sourceTree = "<group>";
		};
		CEB95D1B191075D9003E9E41 /* Git Test */ = {
			isa = PBXGroup;
			children = (
				CEB95D24191075D9003E9E41 /* CCAppDelegate.h */,
				CEB95D25191075D9003E9E41 /* CCAppDelegate.m */,
				CEB95D27191075D9003E9E41 /* Main.storyboard */,
				CEB95D2A191075D9003E9E41 /* CCViewController.h */,
				CEB95D2B191075D9003E9E41 /* CCViewController.m */,
				CEB95D2D191075D9003E9E41 /* Images.xcassets */,
				CEB95D1C191075D9003E9E41 /* Supporting Files */,
			);
			path = "Git Test";
			sourceTree = "<group>";
		};
		CEB95D1C191075D9003E9E41 /* Supporting Files */ = {
			isa = PBXGroup;
			children = (
				CEB95D1D191075D9003E9E41 /* Git Test-Info.plist */,
				CEB95D1E191075D9003E9E41 /* InfoPlist.strings */,
				CEB95D21191075D9003E9E41 /* main.m */,
				CEB95D23191075D9003E9E41 /* Git Test-Prefix.pch */,
			);
			name = "Supporting Files";
			sourceTree = "<group>";
		};
		CEB95D3A191075D9003E9E41 /* Git TestTests */ = {
			isa = PBXGroup;
			children = (
				CEB95D40191075D9003E9E41 /* Git_TestTests.m */,
				CEB95D3B191075D9003E9E41 /* Supporting Files */,
			);
			path = "Git TestTests";
			sourceTree = "<group>";
		};
		CEB95D3B191075D9003E9E41 /* Supporting Files */ = {
			isa = PBXGroup;
			children = (
				CEB95D3C191075D9003E9E41 /* Git TestTests-Info.plist */,
				CEB95D3D191075D9003E9E41 /* InfoPlist.strings */,
			);
			name = "Supporting Files";
			sourceTree = "<group>";
		};
/* End PBXGroup section */

/* Begin PBXNativeTarget section */
		CEB95D11191075D8003E9E41 /* Git Test */ = {
			isa = PBXNativeTarget;
			buildConfigurationList = CEB95D44191075D9003E9E41 /* Build configuration list for PBXNativeTarget "Git Test" */;
			buildPhases = (
				CEB95D0E191075D8003E9E41 /* Sources */,
				CEB95D0F191075D8003E9E41 /* Frameworks */,
				CEB95D10191075D8003E9E41 /* Resources */,
			);
			buildRules = (
			);
			dependencies = (
			);
			name = "Git Test";
			productName = "Git Test";
			productReference = CEB95D12191075D9003E9E41 /* Git Test.app */;
			productType = "com.apple.product-type.application";
		};
		CEB95D32191075D9003E9E41 /* Git TestTests */ = {
			isa = PBXNativeTarget;
			buildConfigurationList = CEB95D47191075D9003E9E41 /* Build configuration list for PBXNativeTarget "Git TestTests" */;
			buildPhases = (
				CEB95D2F191075D9003E9E41 /* Sources */,
				CEB95D30191075D9003E9E41 /* Frameworks */,
				CEB95D31191075D9003E9E41 /* Resources */,
			);
			buildRules = (
			);
			dependencies = (
				CEB95D39191075D9003E9E41 /* PBXTargetDependency */,
			);
			name = "Git TestTests";
			productName = "Git TestTests";
			productReference = CEB95D33191075D9003E9E41 /* Git TestTests.xctest */;
			productType = "com.apple.product-type.bundle.unit-test";
		};
/* End PBXNativeTarget section */

/* Begin PBXProject section */
		CEB95D0A191075D8003E9E41 /* Project object */ = {
			isa = PBXProject;
			attributes = {
				CLASSPREFIX = CC;
				LastUpgradeCheck = 0510;
				ORGANIZATIONNAME = CS193P;
				TargetAttributes = {
					CEB95D32191075D9003E9E41 = {
						TestTargetID = CEB95D11191075D8003E9E41;
					};
				};
			};
			buildConfigurationList = CEB95D0D191075D8003E9E41 /* Build configuration list for PBXProject "Git Test" */;
			compatibilityVersion = "Xcode 3.2";
			developmentRegion = English;
			hasScannedForEncodings = 0;
			knownRegions = (
				en,
				Base,
			);
			mainGroup = CEB95D09191075D8003E9E41;
			productRefGroup = CEB95D13191075D9003E9E41 /* Products */;
			projectDirPath = "";
			projectRoot = "";
			targets = (
				CEB95D11191075D8003E9E41 /* Git Test */,
				CEB95D32191075D9003E9E41 /* Git TestTests */,
			);
		};
/* End PBXProject section */

/* Begin PBXResourcesBuildPhase section */
		CEB95D10191075D8003E9E41 /* Resources */ = {
			isa = PBXResourcesBuildPhase;
			buildActionMask = 2147483647;
			files = (
				CEB95D2E191075D9003E9E41 /* Images.xcassets in Resources */,
				CEB95D20191075D9003E9E41 /* InfoPlist.strings in Resources */,
				CEB95D29191075D9003E9E41 /* Main.storyboard in Resources */,
			);
			runOnlyForDeploymentPostprocessing = 0;
		};
		CEB95D31191075D9003E9E41 /* Resources */ = {
			isa = PBXResourcesBuildPhase;
			buildActionMask = 2147483647;
			files = (
				CEB95D3F191075D9003E9E41 /* InfoPlist.strings in Resources */,
			);
			runOnlyForDeploymentPostprocessing = 0;
		};
/* End PBXResourcesBuildPhase section */

/* Begin PBXSourcesBuildPhase section */
		CEB95D0E191075D8003E9E41 /* Sources */ = {
			isa = PBXSourcesBuildPhase;
			buildActionMask = 2147483647;
			files = (
				CEB95D26191075D9003E9E41 /* CCAppDelegate.m in Sources */,
				CEB95D22191075D9003E9E41 /* main.m in Sources */,
				CEB95D2C191075D9003E9E41 /* CCViewController.m in Sources */,
			);
			runOnlyForDeploymentPostprocessing = 0;
		};
		CEB95D2F191075D9003E9E41 /* Sources */ = {
			isa = PBXSourcesBuildPhase;
			buildActionMask = 2147483647;
			files = (
				CEB95D41191075D9003E9E41 /* Git_TestTests.m in Sources */,
			);
			runOnlyForDeploymentPostprocessing = 0;
		};
/* End PBXSourcesBuildPhase section */

/* Begin PBXTargetDependency section */
		CEB95D39191075D9003E9E41 /* PBXTargetDependency */ = {
			isa = PBXTargetDependency;
			target = CEB95D11191075D8003E9E41 /* Git Test */;
			targetProxy = CEB95D38191075D9003E9E41 /* PBXContainerItemProxy */;
		};
/* End PBXTargetDependency section */

/* Begin PBXVariantGroup section */
		CEB95D1E191075D9003E9E41 /* InfoPlist.strings */ = {
			isa = PBXVariantGroup;
			children = (
				CEB95D1F191075D9003E9E41 /* en */,
			);
			name = InfoPlist.strings;
			sourceTree = "<group>";
		};
		CEB95D27191075D9003E9E41 /* Main.storyboard */ = {
			isa = PBXVariantGroup;
			children = (
				CEB95D28191075D9003E9E41 /* Base */,
			);
			name = Main.storyboard;
			sourceTree = "<group>";
		};
		CEB95D3D191075D9003E9E41 /* InfoPlist.strings */ = {
			isa = PBXVariantGroup;
			children = (
				CEB95D3E191075D9003E9E41 /* en */,
			);
			name = InfoPlist.strings;
			sourceTree = "<group>";
		};
/* End PBXVariantGroup section */

/* Begin XCBuildConfiguration section */
		CEB95D42191075D9003E9E41 /* Debug */ = {
			isa = XCBuildConfiguration;
			buildSettings = {
				ALWAYS_SEARCH_USER_PATHS = NO;
				CLANG_CXX_LANGUAGE_STANDARD = "gnu++0x";
				CLANG_CXX_LIBRARY = "libc++";
				CLANG_ENABLE_MODULES = YES;
				CLANG_ENABLE_OBJC_ARC = YES;
				CLANG_WARN_BOOL_CONVERSION = YES;
				CLANG_WARN_CONSTANT_CONVERSION = YES;
				CLANG_WARN_DIRECT_OBJC_ISA_USAGE = YES_ERROR;
				CLANG_WARN_EMPTY_BODY = YES;
				CLANG_WARN_ENUM_CONVERSION = YES;
				CLANG_WARN_INT_CONVERSION = YES;
				CLANG_WARN_OBJC_ROOT_CLASS = YES_ERROR;
				CLANG_WARN__DUPLICATE_METHOD_MATCH = YES;
				"CODE_SIGN_IDENTITY[sdk=iphoneos*]" = "iPhone Developer";
				COPY_PHASE_STRIP = NO;
				GCC_C_LANGUAGE_STANDARD = gnu99;
				GCC_DYNAMIC_NO_PIC = NO;
				GCC_OPTIMIZATION_LEVEL = 0;
				GCC_PREPROCESSOR_DEFINITIONS = (
					"DEBUG=1",
					"$(inherited)",
				);
				GCC_SYMBOLS_PRIVATE_EXTERN = NO;
				GCC_WARN_64_TO_32_BIT_CONVERSION = YES;
				GCC_WARN_ABOUT_RETURN_TYPE = YES_ERROR;
				GCC_WARN_UNDECLARED_SELECTOR = YES;
				GCC_WARN_UNINITIALIZED_AUTOS = YES_AGGRESSIVE;
				GCC_WARN_UNUSED_FUNCTION = YES;
				GCC_WARN_UNUSED_VARIABLE = YES;
				IPHONEOS_DEPLOYMENT_TARGET = 7.1;
				ONLY_ACTIVE_ARCH = YES;
				SDKROOT = iphoneos;
			};
			name = Debug;
		};
		CEB95D43191075D9003E9E41 /* Release */ = {
			isa = XCBuildConfiguration;
			buildSettings = {
				ALWAYS_SEARCH_USER_PATHS = NO;
				CLANG_CXX_LANGUAGE_STANDARD = "gnu++0x";
				CLANG_CXX_LIBRARY = "libc++";
				CLANG_ENABLE_MODULES = YES;
				CLANG_ENABLE_OBJC_ARC = YES;
				CLANG_WARN_BOOL_CONVERSION = YES;
				CLANG_WARN_CONSTANT_CONVERSION = YES;
				CLANG_WARN_DIRECT_OBJC_ISA_USAGE = YES_ERROR;
				CLANG_WARN_EMPTY_BODY = YES;
				CLANG_WARN_ENUM_CONVERSION = YES;
				CLANG_WARN_INT_CONVERSION = YES;
				CLANG_WARN_OBJC_ROOT_CLASS = YES_ERROR;
				CLANG_WARN__DUPLICATE_METHOD_MATCH = YES;
				"CODE_SIGN_IDENTITY[sdk=iphoneos*]" = "iPhone Developer";
				COPY_PHASE_STRIP = YES;
				ENABLE_NS_ASSERTIONS = NO;
				GCC_C_LANGUAGE_STANDARD = gnu99;
				GCC_WARN_64_TO_32_BIT_CONVERSION = YES;
				GCC_WARN_ABOUT_RETURN_TYPE = YES_ERROR;
				GCC_WARN_UNDECLARED_SELECTOR = YES;
				GCC_WARN_UNINITIALIZED_AUTOS = YES_AGGRESSIVE;
				GCC_WARN_UNUSED_FUNCTION = YES;
				GCC_WARN_UNUSED_VARIABLE = YES;
				IPHONEOS_DEPLOYMENT_TARGET = 7.1;
				SDKROOT = iphoneos;
				VALIDATE_PRODUCT = YES;
			};
			name = Release;
		};
		CEB95D45191075D9003E9E41 /* Debug */ = {
			isa = XCBuildConfiguration;
			buildSettings = {
				ASSETCATALOG_COMPILER_APPICON_NAME = AppIcon;
				ASSETCATALOG_COMPILER_LAUNCHIMAGE_NAME = LaunchImage;
				GCC_PRECOMPILE_PREFIX_HEADER = YES;
				GCC_PREFIX_HEADER = "Git Test/Git Test-Prefix.pch";
				INFOPLIST_FILE = "Git Test/Git Test-Info.plist";
				PRODUCT_NAME = "$(TARGET_NAME)";
				WRAPPER_EXTENSION = app;
			};
			name = Debug;
		};
		CEB95D46191075D9003E9E41 /* Release */ = {
			isa = XCBuildConfiguration;
			buildSettings = {
				ASSETCATALOG_COMPILER_APPICON_NAME = AppIcon;
				ASSETCATALOG_COMPILER_LAUNCHIMAGE_NAME = LaunchImage;
				GCC_PRECOMPILE_PREFIX_HEADER = YES;
				GCC_PREFIX_HEADER = "Git Test/Git Test-Prefix.pch";
				INFOPLIST_FILE = "Git Test/Git Test-Info.plist";
				PRODUCT_NAME = "$(TARGET_NAME)";
				WRAPPER_EXTENSION = app;
			};
			name = Release;
		};
		CEB95D48191075D9003E9E41 /* Debug */ = {
			isa = XCBuildConfiguration;
			buildSettings = {
				BUNDLE_LOADER = "$(BUILT_PRODUCTS_DIR)/Git Test.app/Git Test";
				FRAMEWORK_SEARCH_PATHS = (
					"$(SDKROOT)/Developer/Library/Frameworks",
					"$(inherited)",
					"$(DEVELOPER_FRAMEWORKS_DIR)",
				);
				GCC_PRECOMPILE_PREFIX_HEADER = YES;
				GCC_PREFIX_HEADER = "Git Test/Git Test-Prefix.pch";
				GCC_PREPROCESSOR_DEFINITIONS = (
					"DEBUG=1",
					"$(inherited)",
				);
				INFOPLIST_FILE = "Git TestTests/Git TestTests-Info.plist";
				PRODUCT_NAME = "$(TARGET_NAME)";
				TEST_HOST = "$(BUNDLE_LOADER)";
				WRAPPER_EXTENSION = xctest;
			};
			name = Debug;
		};
		CEB95D49191075D9003E9E41 /* Release */ = {
			isa = XCBuildConfiguration;
			buildSettings = {
				BUNDLE_LOADER = "$(BUILT_PRODUCTS_DIR)/Git Test.app/Git Test";
				FRAMEWORK_SEARCH_PATHS = (
					"$(SDKROOT)/Developer/Library/Frameworks",
					"$(inherited)",
					"$(DEVELOPER_FRAMEWORKS_DIR)",
				);
				GCC_PRECOMPILE_PREFIX_HEADER = YES;
				GCC_PREFIX_HEADER = "Git Test/Git Test-Prefix.pch";
				INFOPLIST_FILE = "Git TestTests/Git TestTests-Info.plist";
				PRODUCT_NAME = "$(TARGET_NAME)";
				TEST_HOST = "$(BUNDLE_LOADER)";
				WRAPPER_EXTENSION = xctest;
			};
			name = Release;
		};
/* End XCBuildConfiguration section */

/* Begin XCConfigurationList section */
		CEB95D0D191075D8003E9E41 /* Build configuration list for PBXProject "Git Test" */ = {
			isa = XCConfigurationList;
			buildConfigurations = (
				CEB95D42191075D9003E9E41 /* Debug */,
				CEB95D43191075D9003E9E41 /* Release */,
			);
			defaultConfigurationIsVisible = 0;
			defaultConfigurationName = Release;
		};
		CEB95D44191075D9003E9E41 /* Build configuration list for PBXNativeTarget "Git Test" */ = {
			isa = XCConfigurationList;
			buildConfigurations = (
				CEB95D45191075D9003E9E41 /* Debug */,
				CEB95D46191075D9003E9E41 /* Release */,
			);
			defaultConfigurationIsVisible = 0;
		};
		CEB95D47191075D9003E9E41 /* Build configuration list for PBXNativeTarget "Git TestTests" */ = {
			isa = XCConfigurationList;
			buildConfigurations = (
				CEB95D48191075D9003E9E41 /* Debug */,
				CEB95D49191075D9003E9E41 /* Release */,
			);
			defaultConfigurationIsVisible = 0;
		};
/* End XCConfigurationList section */
	};
	rootObject = CEB95D0A191075D8003E9E41 /* Project object */;
}
